// !$*UTF8*$!
{
	archiveVersion = 1;
	classes = {
	};
	objectVersion = 55;
	objects = {

/* Begin PBXBuildFile section */
		7E5DB89C28962C0F0005CA8A /* AppDelegate.swift in Sources */ = {isa = PBXBuildFile; fileRef = 7E5DB89B28962C0F0005CA8A /* AppDelegate.swift */; };
		7E5DB89E28962C0F0005CA8A /* SceneDelegate.swift in Sources */ = {isa = PBXBuildFile; fileRef = 7E5DB89D28962C0F0005CA8A /* SceneDelegate.swift */; };
		7E5DB8A028962C0F0005CA8A /* ViewController.swift in Sources */ = {isa = PBXBuildFile; fileRef = 7E5DB89F28962C0F0005CA8A /* ViewController.swift */; };
		7E5DB8A528962C100005CA8A /* Assets.xcassets in Resources */ = {isa = PBXBuildFile; fileRef = 7E5DB8A428962C100005CA8A /* Assets.xcassets */; };
		7E5DB8A828962C100005CA8A /* LaunchScreen.storyboard in Resources */ = {isa = PBXBuildFile; fileRef = 7E5DB8A628962C100005CA8A /* LaunchScreen.storyboard */; };
		7E5DB8B328962C110005CA8A /* pokemonListTests.swift in Sources */ = {isa = PBXBuildFile; fileRef = 7E5DB8B228962C110005CA8A /* pokemonListTests.swift */; };
		7E5DB8BD28962C110005CA8A /* pokemonListUITests.swift in Sources */ = {isa = PBXBuildFile; fileRef = 7E5DB8BC28962C110005CA8A /* pokemonListUITests.swift */; };
		7E5DB8BF28962C110005CA8A /* pokemonListUITestsLaunchTests.swift in Sources */ = {isa = PBXBuildFile; fileRef = 7E5DB8BE28962C110005CA8A /* pokemonListUITestsLaunchTests.swift */; };
/* End PBXBuildFile section */

/* Begin PBXContainerItemProxy section */
		7E5DB8AF28962C110005CA8A /* PBXContainerItemProxy */ = {
			isa = PBXContainerItemProxy;
			containerPortal = 7E5DB89028962C0E0005CA8A /* Project object */;
			proxyType = 1;
			remoteGlobalIDString = 7E5DB89728962C0E0005CA8A;
			remoteInfo = pokemonList;
		};
		7E5DB8B928962C110005CA8A /* PBXContainerItemProxy */ = {
			isa = PBXContainerItemProxy;
			containerPortal = 7E5DB89028962C0E0005CA8A /* Project object */;
			proxyType = 1;
			remoteGlobalIDString = 7E5DB89728962C0E0005CA8A;
			remoteInfo = pokemonList;
		};
/* End PBXContainerItemProxy section */

/* Begin PBXFileReference section */
		7E5DB89828962C0E0005CA8A /* pokemonList.app */ = {isa = PBXFileReference; explicitFileType = wrapper.application; includeInIndex = 0; path = pokemonList.app; sourceTree = BUILT_PRODUCTS_DIR; };
		7E5DB89B28962C0F0005CA8A /* AppDelegate.swift */ = {isa = PBXFileReference; lastKnownFileType = sourcecode.swift; path = AppDelegate.swift; sourceTree = "<group>"; };
		7E5DB89D28962C0F0005CA8A /* SceneDelegate.swift */ = {isa = PBXFileReference; lastKnownFileType = sourcecode.swift; path = SceneDelegate.swift; sourceTree = "<group>"; };
		7E5DB89F28962C0F0005CA8A /* ViewController.swift */ = {isa = PBXFileReference; lastKnownFileType = sourcecode.swift; path = ViewController.swift; sourceTree = "<group>"; };
		7E5DB8A428962C100005CA8A /* Assets.xcassets */ = {isa = PBXFileReference; lastKnownFileType = folder.assetcatalog; path = Assets.xcassets; sourceTree = "<group>"; };
		7E5DB8A728962C100005CA8A /* Base */ = {isa = PBXFileReference; lastKnownFileType = file.storyboard; name = Base; path = Base.lproj/LaunchScreen.storyboard; sourceTree = "<group>"; };
		7E5DB8A928962C100005CA8A /* Info.plist */ = {isa = PBXFileReference; lastKnownFileType = text.plist.xml; path = Info.plist; sourceTree = "<group>"; };
		7E5DB8AE28962C110005CA8A /* pokemonListTests.xctest */ = {isa = PBXFileReference; explicitFileType = wrapper.cfbundle; includeInIndex = 0; path = pokemonListTests.xctest; sourceTree = BUILT_PRODUCTS_DIR; };
		7E5DB8B228962C110005CA8A /* pokemonListTests.swift */ = {isa = PBXFileReference; lastKnownFileType = sourcecode.swift; path = pokemonListTests.swift; sourceTree = "<group>"; };
		7E5DB8B828962C110005CA8A /* pokemonListUITests.xctest */ = {isa = PBXFileReference; explicitFileType = wrapper.cfbundle; includeInIndex = 0; path = pokemonListUITests.xctest; sourceTree = BUILT_PRODUCTS_DIR; };
		7E5DB8BC28962C110005CA8A /* pokemonListUITests.swift */ = {isa = PBXFileReference; lastKnownFileType = sourcecode.swift; path = pokemonListUITests.swift; sourceTree = "<group>"; };
		7E5DB8BE28962C110005CA8A /* pokemonListUITestsLaunchTests.swift */ = {isa = PBXFileReference; lastKnownFileType = sourcecode.swift; path = pokemonListUITestsLaunchTests.swift; sourceTree = "<group>"; };
/* End PBXFileReference section */

/* Begin PBXFrameworksBuildPhase section */
		7E5DB89528962C0E0005CA8A /* Frameworks */ = {
			isa = PBXFrameworksBuildPhase;
			buildActionMask = 2147483647;
			files = (
			);
			runOnlyForDeploymentPostprocessing = 0;
		};
		7E5DB8AB28962C110005CA8A /* Frameworks */ = {
			isa = PBXFrameworksBuildPhase;
			buildActionMask = 2147483647;
			files = (
			);
			runOnlyForDeploymentPostprocessing = 0;
		};
		7E5DB8B528962C110005CA8A /* Frameworks */ = {
			isa = PBXFrameworksBuildPhase;
			buildActionMask = 2147483647;
			files = (
			);
			runOnlyForDeploymentPostprocessing = 0;
		};
/* End PBXFrameworksBuildPhase section */

/* Begin PBXGroup section */
		7E5DB88F28962C0E0005CA8A = {
			isa = PBXGroup;
			children = (
				7E5DB89A28962C0E0005CA8A /* pokemonList */,
				7E5DB8B128962C110005CA8A /* pokemonListTests */,
				7E5DB8BB28962C110005CA8A /* pokemonListUITests */,
				7E5DB89928962C0E0005CA8A /* Products */,
			);
			sourceTree = "<group>";
		};
		7E5DB89928962C0E0005CA8A /* Products */ = {
			isa = PBXGroup;
			children = (
				7E5DB89828962C0E0005CA8A /* pokemonList.app */,
				7E5DB8AE28962C110005CA8A /* pokemonListTests.xctest */,
				7E5DB8B828962C110005CA8A /* pokemonListUITests.xctest */,
			);
			name = Products;
			sourceTree = "<group>";
		};
		7E5DB89A28962C0E0005CA8A /* pokemonList */ = {
			isa = PBXGroup;
			children = (
				7E5DB8CB28962C690005CA8A /* Base */,
				7E5DB8CC28962C820005CA8A /* Modules */,
				7E5DB8CD28962C950005CA8A /* Resources */,
				7E5DB8CE28962CA00005CA8A /* Config */,
			);
			path = pokemonList;
			sourceTree = "<group>";
		};
		7E5DB8B128962C110005CA8A /* pokemonListTests */ = {
			isa = PBXGroup;
			children = (
				7E5DB8B228962C110005CA8A /* pokemonListTests.swift */,
			);
			path = pokemonListTests;
			sourceTree = "<group>";
		};
		7E5DB8BB28962C110005CA8A /* pokemonListUITests */ = {
			isa = PBXGroup;
			children = (
				7E5DB8BC28962C110005CA8A /* pokemonListUITests.swift */,
				7E5DB8BE28962C110005CA8A /* pokemonListUITestsLaunchTests.swift */,
			);
			path = pokemonListUITests;
			sourceTree = "<group>";
		};
		7E5DB8CB28962C690005CA8A /* Base */ = {
			isa = PBXGroup;
			children = (
				7E5DB89B28962C0F0005CA8A /* AppDelegate.swift */,
				7E5DB89D28962C0F0005CA8A /* SceneDelegate.swift */,
				7E5DB8A628962C100005CA8A /* LaunchScreen.storyboard */,
			);
			path = Base;
			sourceTree = "<group>";
		};
		7E5DB8CC28962C820005CA8A /* Modules */ = {
			isa = PBXGroup;
			children = (
				7E5DB89F28962C0F0005CA8A /* ViewController.swift */,
			);
			path = Modules;
			sourceTree = "<group>";
		};
		7E5DB8CD28962C950005CA8A /* Resources */ = {
			isa = PBXGroup;
			children = (
				7E5DB8A428962C100005CA8A /* Assets.xcassets */,
			);
			path = Resources;
			sourceTree = "<group>";
		};
		7E5DB8CE28962CA00005CA8A /* Config */ = {
			isa = PBXGroup;
			children = (
				7E5DB8A928962C100005CA8A /* Info.plist */,
			);
			path = Config;
			sourceTree = "<group>";
		};
/* End PBXGroup section */

/* Begin PBXNativeTarget section */
		7E5DB89728962C0E0005CA8A /* pokemonList */ = {
			isa = PBXNativeTarget;
			buildConfigurationList = 7E5DB8C228962C110005CA8A /* Build configuration list for PBXNativeTarget "pokemonList" */;
			buildPhases = (
				7E5DB89428962C0E0005CA8A /* Sources */,
				7E5DB89528962C0E0005CA8A /* Frameworks */,
				7E5DB89628962C0E0005CA8A /* Resources */,
			);
			buildRules = (
			);
			dependencies = (
			);
			name = pokemonList;
			productName = pokemonList;
			productReference = 7E5DB89828962C0E0005CA8A /* pokemonList.app */;
			productType = "com.apple.product-type.application";
		};
		7E5DB8AD28962C110005CA8A /* pokemonListTests */ = {
			isa = PBXNativeTarget;
			buildConfigurationList = 7E5DB8C528962C110005CA8A /* Build configuration list for PBXNativeTarget "pokemonListTests" */;
			buildPhases = (
				7E5DB8AA28962C110005CA8A /* Sources */,
				7E5DB8AB28962C110005CA8A /* Frameworks */,
				7E5DB8AC28962C110005CA8A /* Resources */,
			);
			buildRules = (
			);
			dependencies = (
				7E5DB8B028962C110005CA8A /* PBXTargetDependency */,
			);
			name = pokemonListTests;
			productName = pokemonListTests;
			productReference = 7E5DB8AE28962C110005CA8A /* pokemonListTests.xctest */;
			productType = "com.apple.product-type.bundle.unit-test";
		};
		7E5DB8B728962C110005CA8A /* pokemonListUITests */ = {
			isa = PBXNativeTarget;
			buildConfigurationList = 7E5DB8C828962C110005CA8A /* Build configuration list for PBXNativeTarget "pokemonListUITests" */;
			buildPhases = (
				7E5DB8B428962C110005CA8A /* Sources */,
				7E5DB8B528962C110005CA8A /* Frameworks */,
				7E5DB8B628962C110005CA8A /* Resources */,
			);
			buildRules = (
			);
			dependencies = (
				7E5DB8BA28962C110005CA8A /* PBXTargetDependency */,
			);
			name = pokemonListUITests;
			productName = pokemonListUITests;
			productReference = 7E5DB8B828962C110005CA8A /* pokemonListUITests.xctest */;
			productType = "com.apple.product-type.bundle.ui-testing";
		};
/* End PBXNativeTarget section */

/* Begin PBXProject section */
		7E5DB89028962C0E0005CA8A /* Project object */ = {
			isa = PBXProject;
			attributes = {
				BuildIndependentTargetsInParallel = 1;
				LastSwiftUpdateCheck = 1340;
				LastUpgradeCheck = 1340;
				TargetAttributes = {
					7E5DB89728962C0E0005CA8A = {
						CreatedOnToolsVersion = 13.4.1;
					};
					7E5DB8AD28962C110005CA8A = {
						CreatedOnToolsVersion = 13.4.1;
						TestTargetID = 7E5DB89728962C0E0005CA8A;
					};
					7E5DB8B728962C110005CA8A = {
						CreatedOnToolsVersion = 13.4.1;
						TestTargetID = 7E5DB89728962C0E0005CA8A;
					};
				};
			};
			buildConfigurationList = 7E5DB89328962C0E0005CA8A /* Build configuration list for PBXProject "pokemonList" */;
			compatibilityVersion = "Xcode 13.0";
			developmentRegion = en;
			hasScannedForEncodings = 0;
			knownRegions = (
				en,
				Base,
			);
			mainGroup = 7E5DB88F28962C0E0005CA8A;
			productRefGroup = 7E5DB89928962C0E0005CA8A /* Products */;
			projectDirPath = "";
			projectRoot = "";
			targets = (
				7E5DB89728962C0E0005CA8A /* pokemonList */,
				7E5DB8AD28962C110005CA8A /* pokemonListTests */,
				7E5DB8B728962C110005CA8A /* pokemonListUITests */,
			);
		};
/* End PBXProject section */

/* Begin PBXResourcesBuildPhase section */
		7E5DB89628962C0E0005CA8A /* Resources */ = {
			isa = PBXResourcesBuildPhase;
			buildActionMask = 2147483647;
			files = (
				7E5DB8A828962C100005CA8A /* LaunchScreen.storyboard in Resources */,
				7E5DB8A528962C100005CA8A /* Assets.xcassets in Resources */,
			);
			runOnlyForDeploymentPostprocessing = 0;
		};
		7E5DB8AC28962C110005CA8A /* Resources */ = {
			isa = PBXResourcesBuildPhase;
			buildActionMask = 2147483647;
			files = (
			);
			runOnlyForDeploymentPostprocessing = 0;
		};
		7E5DB8B628962C110005CA8A /* Resources */ = {
			isa = PBXResourcesBuildPhase;
			buildActionMask = 2147483647;
			files = (
			);
			runOnlyForDeploymentPostprocessing = 0;
		};
/* End PBXResourcesBuildPhase section */

/* Begin PBXSourcesBuildPhase section */
		7E5DB89428962C0E0005CA8A /* Sources */ = {
			isa = PBXSourcesBuildPhase;
			buildActionMask = 2147483647;
			files = (
				7E5DB8A028962C0F0005CA8A /* ViewController.swift in Sources */,
				7E5DB89C28962C0F0005CA8A /* AppDelegate.swift in Sources */,
				7E5DB89E28962C0F0005CA8A /* SceneDelegate.swift in Sources */,
			);
			runOnlyForDeploymentPostprocessing = 0;
		};
		7E5DB8AA28962C110005CA8A /* Sources */ = {
			isa = PBXSourcesBuildPhase;
			buildActionMask = 2147483647;
			files = (
				7E5DB8B328962C110005CA8A /* pokemonListTests.swift in Sources */,
			);
			runOnlyForDeploymentPostprocessing = 0;
		};
		7E5DB8B428962C110005CA8A /* Sources */ = {
			isa = PBXSourcesBuildPhase;
			buildActionMask = 2147483647;
			files = (
				7E5DB8BF28962C110005CA8A /* pokemonListUITestsLaunchTests.swift in Sources */,
				7E5DB8BD28962C110005CA8A /* pokemonListUITests.swift in Sources */,
			);
			runOnlyForDeploymentPostprocessing = 0;
		};
/* End PBXSourcesBuildPhase section */

/* Begin PBXTargetDependency section */
		7E5DB8B028962C110005CA8A /* PBXTargetDependency */ = {
			isa = PBXTargetDependency;
			target = 7E5DB89728962C0E0005CA8A /* pokemonList */;
			targetProxy = 7E5DB8AF28962C110005CA8A /* PBXContainerItemProxy */;
		};
		7E5DB8BA28962C110005CA8A /* PBXTargetDependency */ = {
			isa = PBXTargetDependency;
			target = 7E5DB89728962C0E0005CA8A /* pokemonList */;
			targetProxy = 7E5DB8B928962C110005CA8A /* PBXContainerItemProxy */;
		};
/* End PBXTargetDependency section */

/* Begin PBXVariantGroup section */
		7E5DB8A628962C100005CA8A /* LaunchScreen.storyboard */ = {
			isa = PBXVariantGroup;
			children = (
				7E5DB8A728962C100005CA8A /* Base */,
			);
			name = LaunchScreen.storyboard;
			sourceTree = "<group>";
		};
/* End PBXVariantGroup section */

/* Begin XCBuildConfiguration section */
		7E5DB8C028962C110005CA8A /* Debug */ = {
			isa = XCBuildConfiguration;
			buildSettings = {
				ALWAYS_SEARCH_USER_PATHS = NO;
				CLANG_ANALYZER_NONNULL = YES;
				CLANG_ANALYZER_NUMBER_OBJECT_CONVERSION = YES_AGGRESSIVE;
				CLANG_CXX_LANGUAGE_STANDARD = "gnu++17";
				CLANG_ENABLE_MODULES = YES;
				CLANG_ENABLE_OBJC_ARC = YES;
				CLANG_ENABLE_OBJC_WEAK = YES;
				CLANG_WARN_BLOCK_CAPTURE_AUTORELEASING = YES;
				CLANG_WARN_BOOL_CONVERSION = YES;
				CLANG_WARN_COMMA = YES;
				CLANG_WARN_CONSTANT_CONVERSION = YES;
				CLANG_WARN_DEPRECATED_OBJC_IMPLEMENTATIONS = YES;
				CLANG_WARN_DIRECT_OBJC_ISA_USAGE = YES_ERROR;
				CLANG_WARN_DOCUMENTATION_COMMENTS = YES;
				CLANG_WARN_EMPTY_BODY = YES;
				CLANG_WARN_ENUM_CONVERSION = YES;
				CLANG_WARN_INFINITE_RECURSION = YES;
				CLANG_WARN_INT_CONVERSION = YES;
				CLANG_WARN_NON_LITERAL_NULL_CONVERSION = YES;
				CLANG_WARN_OBJC_IMPLICIT_RETAIN_SELF = YES;
				CLANG_WARN_OBJC_LITERAL_CONVERSION = YES;
				CLANG_WARN_OBJC_ROOT_CLASS = YES_ERROR;
				CLANG_WARN_QUOTED_INCLUDE_IN_FRAMEWORK_HEADER = YES;
				CLANG_WARN_RANGE_LOOP_ANALYSIS = YES;
				CLANG_WARN_STRICT_PROTOTYPES = YES;
				CLANG_WARN_SUSPICIOUS_MOVE = YES;
				CLANG_WARN_UNGUARDED_AVAILABILITY = YES_AGGRESSIVE;
				CLANG_WARN_UNREACHABLE_CODE = YES;
				CLANG_WARN__DUPLICATE_METHOD_MATCH = YES;
				COPY_PHASE_STRIP = NO;
				DEBUG_INFORMATION_FORMAT = dwarf;
				ENABLE_STRICT_OBJC_MSGSEND = YES;
				ENABLE_TESTABILITY = YES;
				GCC_C_LANGUAGE_STANDARD = gnu11;
				GCC_DYNAMIC_NO_PIC = NO;
				GCC_NO_COMMON_BLOCKS = YES;
				GCC_OPTIMIZATION_LEVEL = 0;
				GCC_PREPROCESSOR_DEFINITIONS = (
					"DEBUG=1",
					"$(inherited)",
				);
				GCC_WARN_64_TO_32_BIT_CONVERSION = YES;
				GCC_WARN_ABOUT_RETURN_TYPE = YES_ERROR;
				GCC_WARN_UNDECLARED_SELECTOR = YES;
				GCC_WARN_UNINITIALIZED_AUTOS = YES_AGGRESSIVE;
				GCC_WARN_UNUSED_FUNCTION = YES;
				GCC_WARN_UNUSED_VARIABLE = YES;
				IPHONEOS_DEPLOYMENT_TARGET = 15.5;
				MTL_ENABLE_DEBUG_INFO = INCLUDE_SOURCE;
				MTL_FAST_MATH = YES;
				ONLY_ACTIVE_ARCH = YES;
				SDKROOT = iphoneos;
				SWIFT_ACTIVE_COMPILATION_CONDITIONS = DEBUG;
				SWIFT_OPTIMIZATION_LEVEL = "-Onone";
			};
			name = Debug;
		};
		7E5DB8C128962C110005CA8A /* Release */ = {
			isa = XCBuildConfiguration;
			buildSettings = {
				ALWAYS_SEARCH_USER_PATHS = NO;
				CLANG_ANALYZER_NONNULL = YES;
				CLANG_ANALYZER_NUMBER_OBJECT_CONVERSION = YES_AGGRESSIVE;
				CLANG_CXX_LANGUAGE_STANDARD = "gnu++17";
				CLANG_ENABLE_MODULES = YES;
				CLANG_ENABLE_OBJC_ARC = YES;
				CLANG_ENABLE_OBJC_WEAK = YES;
				CLANG_WARN_BLOCK_CAPTURE_AUTORELEASING = YES;
				CLANG_WARN_BOOL_CONVERSION = YES;
				CLANG_WARN_COMMA = YES;
				CLANG_WARN_CONSTANT_CONVERSION = YES;
				CLANG_WARN_DEPRECATED_OBJC_IMPLEMENTATIONS = YES;
				CLANG_WARN_DIRECT_OBJC_ISA_USAGE = YES_ERROR;
				CLANG_WARN_DOCUMENTATION_COMMENTS = YES;
				CLANG_WARN_EMPTY_BODY = YES;
				CLANG_WARN_ENUM_CONVERSION = YES;
				CLANG_WARN_INFINITE_RECURSION = YES;
				CLANG_WARN_INT_CONVERSION = YES;
				CLANG_WARN_NON_LITERAL_NULL_CONVERSION = YES;
				CLANG_WARN_OBJC_IMPLICIT_RETAIN_SELF = YES;
				CLANG_WARN_OBJC_LITERAL_CONVERSION = YES;
				CLANG_WARN_OBJC_ROOT_CLASS = YES_ERROR;
				CLANG_WARN_QUOTED_INCLUDE_IN_FRAMEWORK_HEADER = YES;
				CLANG_WARN_RANGE_LOOP_ANALYSIS = YES;
				CLANG_WARN_STRICT_PROTOTYPES = YES;
				CLANG_WARN_SUSPICIOUS_MOVE = YES;
				CLANG_WARN_UNGUARDED_AVAILABILITY = YES_AGGRESSIVE;
				CLANG_WARN_UNREACHABLE_CODE = YES;
				CLANG_WARN__DUPLICATE_METHOD_MATCH = YES;
				COPY_PHASE_STRIP = NO;
				DEBUG_INFORMATION_FORMAT = "dwarf-with-dsym";
				ENABLE_NS_ASSERTIONS = NO;
				ENABLE_STRICT_OBJC_MSGSEND = YES;
				GCC_C_LANGUAGE_STANDARD = gnu11;
				GCC_NO_COMMON_BLOCKS = YES;
				GCC_WARN_64_TO_32_BIT_CONVERSION = YES;
				GCC_WARN_ABOUT_RETURN_TYPE = YES_ERROR;
				GCC_WARN_UNDECLARED_SELECTOR = YES;
				GCC_WARN_UNINITIALIZED_AUTOS = YES_AGGRESSIVE;
				GCC_WARN_UNUSED_FUNCTION = YES;
				GCC_WARN_UNUSED_VARIABLE = YES;
				IPHONEOS_DEPLOYMENT_TARGET = 15.5;
				MTL_ENABLE_DEBUG_INFO = NO;
				MTL_FAST_MATH = YES;
				SDKROOT = iphoneos;
				SWIFT_COMPILATION_MODE = wholemodule;
				SWIFT_OPTIMIZATION_LEVEL = "-O";
				VALIDATE_PRODUCT = YES;
			};
			name = Release;
		};
		7E5DB8C328962C110005CA8A /* Debug */ = {
			isa = XCBuildConfiguration;
			buildSettings = {
				ASSETCATALOG_COMPILER_APPICON_NAME = AppIcon;
				ASSETCATALOG_COMPILER_GLOBAL_ACCENT_COLOR_NAME = AccentColor;
				CODE_SIGN_STYLE = Automatic;
				CURRENT_PROJECT_VERSION = 1;
				DEVELOPMENT_TEAM = 22W542X85L;
				GENERATE_INFOPLIST_FILE = YES;
				INFOPLIST_FILE = pokemonList/Config/Info.plist;
				INFOPLIST_KEY_UIApplicationSupportsIndirectInputEvents = YES;
				INFOPLIST_KEY_UILaunchStoryboardName = LaunchScreen;
				INFOPLIST_KEY_UISupportedInterfaceOrientations_iPad = "UIInterfaceOrientationPortrait UIInterfaceOrientationPortraitUpsideDown UIInterfaceOrientationLandscapeLeft UIInterfaceOrientationLandscapeRight";
				INFOPLIST_KEY_UISupportedInterfaceOrientations_iPhone = "UIInterfaceOrientationPortrait UIInterfaceOrientationLandscapeLeft UIInterfaceOrientationLandscapeRight";
				LD_RUNPATH_SEARCH_PATHS = (
					"$(inherited)",
					"@executable_path/Frameworks",
				);
				MARKETING_VERSION = 1.0;
				PRODUCT_BUNDLE_IDENTIFIER = com.sank.pokemonList;
				PRODUCT_NAME = "$(TARGET_NAME)";
				SWIFT_EMIT_LOC_STRINGS = YES;
				SWIFT_VERSION = 5.0;
				TARGETED_DEVICE_FAMILY = "1,2";
			};
			name = Debug;
		};
		7E5DB8C428962C110005CA8A /* Release */ = {
			isa = XCBuildConfiguration;
			buildSettings = {
				ASSETCATALOG_COMPILER_APPICON_NAME = AppIcon;
				ASSETCATALOG_COMPILER_GLOBAL_ACCENT_COLOR_NAME = AccentColor;
				CODE_SIGN_STYLE = Automatic;
				CURRENT_PROJECT_VERSION = 1;
				DEVELOPMENT_TEAM = 22W542X85L;
				GENERATE_INFOPLIST_FILE = YES;
				INFOPLIST_FILE = pokemonList/Config/Info.plist;
				INFOPLIST_KEY_UIApplicationSupportsIndirectInputEvents = YES;
				INFOPLIST_KEY_UILaunchStoryboardName = LaunchScreen;
				INFOPLIST_KEY_UISupportedInterfaceOrientations_iPad = "UIInterfaceOrientationPortrait UIInterfaceOrientationPortraitUpsideDown UIInterfaceOrientationLandscapeLeft UIInterfaceOrientationLandscapeRight";
				INFOPLIST_KEY_UISupportedInterfaceOrientations_iPhone = "UIInterfaceOrientationPortrait UIInterfaceOrientationLandscapeLeft UIInterfaceOrientationLandscapeRight";
				LD_RUNPATH_SEARCH_PATHS = (
					"$(inherited)",
					"@executable_path/Frameworks",
				);
				MARKETING_VERSION = 1.0;
				PRODUCT_BUNDLE_IDENTIFIER = com.sank.pokemonList;
				PRODUCT_NAME = "$(TARGET_NAME)";
				SWIFT_EMIT_LOC_STRINGS = YES;
				SWIFT_VERSION = 5.0;
				TARGETED_DEVICE_FAMILY = "1,2";
			};
			name = Release;
		};
		7E5DB8C628962C110005CA8A /* Debug */ = {
			isa = XCBuildConfiguration;
			buildSettings = {
				ALWAYS_EMBED_SWIFT_STANDARD_LIBRARIES = YES;
				BUNDLE_LOADER = "$(TEST_HOST)";
				CODE_SIGN_STYLE = Automatic;
				CURRENT_PROJECT_VERSION = 1;
				DEVELOPMENT_TEAM = 22W542X85L;
				GENERATE_INFOPLIST_FILE = YES;
				IPHONEOS_DEPLOYMENT_TARGET = 15.5;
				MARKETING_VERSION = 1.0;
				PRODUCT_BUNDLE_IDENTIFIER = com.sank.pokemonListTests;
				PRODUCT_NAME = "$(TARGET_NAME)";
				SWIFT_EMIT_LOC_STRINGS = NO;
				SWIFT_VERSION = 5.0;
				TARGETED_DEVICE_FAMILY = "1,2";
				TEST_HOST = "$(BUILT_PRODUCTS_DIR)/pokemonList.app/pokemonList";
			};
			name = Debug;
		};
		7E5DB8C728962C110005CA8A /* Release */ = {
			isa = XCBuildConfiguration;
			buildSettings = {
				ALWAYS_EMBED_SWIFT_STANDARD_LIBRARIES = YES;
				BUNDLE_LOADER = "$(TEST_HOST)";
				CODE_SIGN_STYLE = Automatic;
				CURRENT_PROJECT_VERSION = 1;
				DEVELOPMENT_TEAM = 22W542X85L;
				GENERATE_INFOPLIST_FILE = YES;
				IPHONEOS_DEPLOYMENT_TARGET = 15.5;
				MARKETING_VERSION = 1.0;
				PRODUCT_BUNDLE_IDENTIFIER = com.sank.pokemonListTests;
				PRODUCT_NAME = "$(TARGET_NAME)";
				SWIFT_EMIT_LOC_STRINGS = NO;
				SWIFT_VERSION = 5.0;
				TARGETED_DEVICE_FAMILY = "1,2";
				TEST_HOST = "$(BUILT_PRODUCTS_DIR)/pokemonList.app/pokemonList";
			};
			name = Release;
		};
		7E5DB8C928962C110005CA8A /* Debug */ = {
			isa = XCBuildConfiguration;
			buildSettings = {
				ALWAYS_EMBED_SWIFT_STANDARD_LIBRARIES = YES;
				CODE_SIGN_STYLE = Automatic;
				CURRENT_PROJECT_VERSION = 1;
				DEVELOPMENT_TEAM = 22W542X85L;
				GENERATE_INFOPLIST_FILE = YES;
				MARKETING_VERSION = 1.0;
				PRODUCT_BUNDLE_IDENTIFIER = com.sank.pokemonListUITests;
				PRODUCT_NAME = "$(TARGET_NAME)";
				SWIFT_EMIT_LOC_STRINGS = NO;
				SWIFT_VERSION = 5.0;
				TARGETED_DEVICE_FAMILY = "1,2";
				TEST_TARGET_NAME = pokemonList;
			};
			name = Debug;
		};
		7E5DB8CA28962C110005CA8A /* Release */ = {
			isa = XCBuildConfiguration;
			buildSettings = {
				ALWAYS_EMBED_SWIFT_STANDARD_LIBRARIES = YES;
				CODE_SIGN_STYLE = Automatic;
				CURRENT_PROJECT_VERSION = 1;
				DEVELOPMENT_TEAM = 22W542X85L;
				GENERATE_INFOPLIST_FILE = YES;
				MARKETING_VERSION = 1.0;
				PRODUCT_BUNDLE_IDENTIFIER = com.sank.pokemonListUITests;
				PRODUCT_NAME = "$(TARGET_NAME)";
				SWIFT_EMIT_LOC_STRINGS = NO;
				SWIFT_VERSION = 5.0;
				TARGETED_DEVICE_FAMILY = "1,2";
				TEST_TARGET_NAME = pokemonList;
			};
			name = Release;
		};
/* End XCBuildConfiguration section */

/* Begin XCConfigurationList section */
		7E5DB89328962C0E0005CA8A /* Build configuration list for PBXProject "pokemonList" */ = {
			isa = XCConfigurationList;
			buildConfigurations = (
				7E5DB8C028962C110005CA8A /* Debug */,
				7E5DB8C128962C110005CA8A /* Release */,
			);
			defaultConfigurationIsVisible = 0;
			defaultConfigurationName = Release;
		};
		7E5DB8C228962C110005CA8A /* Build configuration list for PBXNativeTarget "pokemonList" */ = {
			isa = XCConfigurationList;
			buildConfigurations = (
				7E5DB8C328962C110005CA8A /* Debug */,
				7E5DB8C428962C110005CA8A /* Release */,
			);
			defaultConfigurationIsVisible = 0;
			defaultConfigurationName = Release;
		};
		7E5DB8C528962C110005CA8A /* Build configuration list for PBXNativeTarget "pokemonListTests" */ = {
			isa = XCConfigurationList;
			buildConfigurations = (
				7E5DB8C628962C110005CA8A /* Debug */,
				7E5DB8C728962C110005CA8A /* Release */,
			);
			defaultConfigurationIsVisible = 0;
			defaultConfigurationName = Release;
		};
		7E5DB8C828962C110005CA8A /* Build configuration list for PBXNativeTarget "pokemonListUITests" */ = {
			isa = XCConfigurationList;
			buildConfigurations = (
				7E5DB8C928962C110005CA8A /* Debug */,
				7E5DB8CA28962C110005CA8A /* Release */,
			);
			defaultConfigurationIsVisible = 0;
			defaultConfigurationName = Release;
		};
/* End XCConfigurationList section */
	};
	rootObject = 7E5DB89028962C0E0005CA8A /* Project object */;
}
